
Microsoft Visual Studio Solution File, Format Version 12.00
# Visual Studio 2013
VisualStudioVersion = 12.0.31101.0
MinimumVisualStudioVersion = 10.0.40219.1
Project("{FAE04EC0-301F-11D3-BF4B-00C04F79EFBC}") = "UVGProject", "UVGProject\UVGProject.csproj", "{50576189-6DB9-40B6-86DA-A78DF5424E8C}"
EndProject
Project("{2150E333-8FDC-42A3-9474-1A3956D46DE8}") = "PublishScripts", "PublishScripts", "{328D139D-68AF-4313-9BE4-37E34F282D99}"
	ProjectSection(SolutionItems) = preProject
		PublishScripts\AzureWebsitePublishModule.psm1 = PublishScripts\AzureWebsitePublishModule.psm1
		PublishScripts\Publish-WebApplicationWebsite.ps1 = PublishScripts\Publish-WebApplicationWebsite.ps1
	EndProjectSection
EndProject
Project("{2150E333-8FDC-42A3-9474-1A3956D46DE8}") = "Configurations", "Configurations", "{4A63D57C-FDA5-4464-8C81-725F821E87C1}"
	ProjectSection(SolutionItems) = preProject
		PublishScripts\Configurations\UVGProject-WAWS-dev.json = PublishScripts\Configurations\UVGProject-WAWS-dev.json
	EndProjectSection
EndProject
Global
	GlobalSection(SolutionConfigurationPlatforms) = preSolution
		Debug|Any CPU = Debug|Any CPU
		Release|Any CPU = Release|Any CPU
	EndGlobalSection
	GlobalSection(ProjectConfigurationPlatforms) = postSolution
		{50576189-6DB9-40B6-86DA-A78DF5424E8C}.Debug|Any CPU.ActiveCfg = Debug|Any CPU
		{50576189-6DB9-40B6-86DA-A78DF5424E8C}.Debug|Any CPU.Build.0 = Debug|Any CPU
		{50576189-6DB9-40B6-86DA-A78DF5424E8C}.Release|Any CPU.ActiveCfg = Release|Any CPU
		{50576189-6DB9-40B6-86DA-A78DF5424E8C}.Release|Any CPU.Build.0 = Release|Any CPU
	EndGlobalSection
	GlobalSection(SolutionProperties) = preSolution
		HideSolutionNode = FALSE
	EndGlobalSection
	GlobalSection(NestedProjects) = preSolution
		{4A63D57C-FDA5-4464-8C81-725F821E87C1} = {328D139D-68AF-4313-9BE4-37E34F282D99}
	EndGlobalSection
EndGlobal
